{
  "name": "tahun1-bc-bishun",
  "version": "1.0.0",
  "lockfileVersion": 3,
  "requires": true,
  "packages": {
    "": {
      "name": "tahun1-bc-bishun",
      "version": "1.0.0",
      "license": "ISC",
      "dependencies": {
        "hanzi-writer": "^3.7.0",
        "hanzi-writer-data": "^2.0.1"
      }
    },
    "node_modules/hanzi-writer": {
      "version": "3.7.0",
      "resolved": "https://registry.npmjs.org/hanzi-writer/-/hanzi-writer-3.7.0.tgz",
      "integrity": "sha512-MfX6VvGoSNzj5BhR3QqAcBKAlkWecPAUKc+LRTh2nViQ1mpcTz4iLQrSDG1j+KFTxIWL8FjnmXTvvAhQv4nGrw==",
      "license": "MIT"
    },
    "node_modules/hanzi-writer-data": {
      "version": "2.0.1",
      "resolved": "https://registry.npmjs.org/hanzi-writer-data/-/hanzi-writer-data-2.0.1.tgz",
      "integrity": "sha512-nbQwM+MaryGoq7pBMIZLCd3lFq03nXuJuwku1+6UbjL58uU+9OULVcMkoNvNuJSoIV7f1bbPRfD4D/LQa5S7qg==",
      "license": "SEE LICENSE IN ARPHICPL.TXT"
    }
  }
}
